// !$*UTF8*$!
{
	archiveVersion = 1;
	classes = {
	};
	objectVersion = 56;
	objects = {

/* Begin PBXBuildFile section */
		ED4792C42A1CDBA9004849FC /* FilmMenuGenre.swift in Sources */ = {isa = PBXBuildFile; fileRef = ED4792C32A1CDBA9004849FC /* FilmMenuGenre.swift */; };
		ED4792C62A1CDDE0004849FC /* FilmGenre.swift in Sources */ = {isa = PBXBuildFile; fileRef = ED4792C52A1CDDE0004849FC /* FilmGenre.swift */; };
		ED4792C82A1CDE14004849FC /* FilmGenreData.swift in Sources */ = {isa = PBXBuildFile; fileRef = ED4792C72A1CDE14004849FC /* FilmGenreData.swift */; };
		ED4792CA2A1CE219004849FC /* FilmListByGenre.swift in Sources */ = {isa = PBXBuildFile; fileRef = ED4792C92A1CE219004849FC /* FilmListByGenre.swift */; };
		ED5720032A1BB16B003EEB08 /* FilmListView.swift in Sources */ = {isa = PBXBuildFile; fileRef = ED5720022A1BB16B003EEB08 /* FilmListView.swift */; };
		ED649E562A1CA0B200A3F607 /* ShortFilm.swift in Sources */ = {isa = PBXBuildFile; fileRef = ED649E552A1CA0B200A3F607 /* ShortFilm.swift */; };
		ED649E582A1CA26600A3F607 /* ShortFilmData.swift in Sources */ = {isa = PBXBuildFile; fileRef = ED649E572A1CA26600A3F607 /* ShortFilmData.swift */; };
		ED94FE9929DC250300FD0571 /* TP1App.swift in Sources */ = {isa = PBXBuildFile; fileRef = ED94FE9829DC250300FD0571 /* TP1App.swift */; };
		ED94FE9B29DC250300FD0571 /* ContentView.swift in Sources */ = {isa = PBXBuildFile; fileRef = ED94FE9A29DC250300FD0571 /* ContentView.swift */; };
		ED94FE9D29DC250400FD0571 /* Assets.xcassets in Resources */ = {isa = PBXBuildFile; fileRef = ED94FE9C29DC250400FD0571 /* Assets.xcassets */; };
		ED94FEA029DC250400FD0571 /* Preview Assets.xcassets in Resources */ = {isa = PBXBuildFile; fileRef = ED94FE9F29DC250400FD0571 /* Preview Assets.xcassets */; };
		ED94FEAA29DC250500FD0571 /* TP1Tests.swift in Sources */ = {isa = PBXBuildFile; fileRef = ED94FEA929DC250500FD0571 /* TP1Tests.swift */; };
		ED94FEB429DC250500FD0571 /* TP1UITests.swift in Sources */ = {isa = PBXBuildFile; fileRef = ED94FEB329DC250500FD0571 /* TP1UITests.swift */; };
		ED94FEB629DC250500FD0571 /* TP1UITestsLaunchTests.swift in Sources */ = {isa = PBXBuildFile; fileRef = ED94FEB529DC250500FD0571 /* TP1UITestsLaunchTests.swift */; };
		EDD48AAE29ED21CD00280F23 /* Film.swift in Sources */ = {isa = PBXBuildFile; fileRef = EDD48AAD29ED21CD00280F23 /* Film.swift */; };
/* End PBXBuildFile section */

/* Begin PBXContainerItemProxy section */
		ED94FEA629DC250500FD0571 /* PBXContainerItemProxy */ = {
			isa = PBXContainerItemProxy;
			containerPortal = ED94FE8D29DC250300FD0571 /* Project object */;
			proxyType = 1;
			remoteGlobalIDString = ED94FE9429DC250300FD0571;
			remoteInfo = TP1;
		};
		ED94FEB029DC250500FD0571 /* PBXContainerItemProxy */ = {
			isa = PBXContainerItemProxy;
			containerPortal = ED94FE8D29DC250300FD0571 /* Project object */;
			proxyType = 1;
			remoteGlobalIDString = ED94FE9429DC250300FD0571;
			remoteInfo = TP1;
		};
/* End PBXContainerItemProxy section */

/* Begin PBXFileReference section */
		ED4792C32A1CDBA9004849FC /* FilmMenuGenre.swift */ = {isa = PBXFileReference; lastKnownFileType = sourcecode.swift; path = FilmMenuGenre.swift; sourceTree = "<group>"; };
		ED4792C52A1CDDE0004849FC /* FilmGenre.swift */ = {isa = PBXFileReference; lastKnownFileType = sourcecode.swift; path = FilmGenre.swift; sourceTree = "<group>"; };
		ED4792C72A1CDE14004849FC /* FilmGenreData.swift */ = {isa = PBXFileReference; lastKnownFileType = sourcecode.swift; path = FilmGenreData.swift; sourceTree = "<group>"; };
		ED4792C92A1CE219004849FC /* FilmListByGenre.swift */ = {isa = PBXFileReference; lastKnownFileType = sourcecode.swift; path = FilmListByGenre.swift; sourceTree = "<group>"; };
		ED5720022A1BB16B003EEB08 /* FilmListView.swift */ = {isa = PBXFileReference; lastKnownFileType = sourcecode.swift; path = FilmListView.swift; sourceTree = "<group>"; };
		ED649E552A1CA0B200A3F607 /* ShortFilm.swift */ = {isa = PBXFileReference; lastKnownFileType = sourcecode.swift; path = ShortFilm.swift; sourceTree = "<group>"; };
		ED649E572A1CA26600A3F607 /* ShortFilmData.swift */ = {isa = PBXFileReference; lastKnownFileType = sourcecode.swift; path = ShortFilmData.swift; sourceTree = "<group>"; };
		ED94FE9529DC250300FD0571 /* TP1.app */ = {isa = PBXFileReference; explicitFileType = wrapper.application; includeInIndex = 0; path = TP1.app; sourceTree = BUILT_PRODUCTS_DIR; };
		ED94FE9829DC250300FD0571 /* TP1App.swift */ = {isa = PBXFileReference; lastKnownFileType = sourcecode.swift; path = TP1App.swift; sourceTree = "<group>"; };
		ED94FE9A29DC250300FD0571 /* ContentView.swift */ = {isa = PBXFileReference; lastKnownFileType = sourcecode.swift; path = ContentView.swift; sourceTree = "<group>"; };
		ED94FE9C29DC250400FD0571 /* Assets.xcassets */ = {isa = PBXFileReference; lastKnownFileType = folder.assetcatalog; path = Assets.xcassets; sourceTree = "<group>"; };
		ED94FE9F29DC250400FD0571 /* Preview Assets.xcassets */ = {isa = PBXFileReference; lastKnownFileType = folder.assetcatalog; path = "Preview Assets.xcassets"; sourceTree = "<group>"; };
		ED94FEA529DC250500FD0571 /* TP1Tests.xctest */ = {isa = PBXFileReference; explicitFileType = wrapper.cfbundle; includeInIndex = 0; path = TP1Tests.xctest; sourceTree = BUILT_PRODUCTS_DIR; };
		ED94FEA929DC250500FD0571 /* TP1Tests.swift */ = {isa = PBXFileReference; lastKnownFileType = sourcecode.swift; path = TP1Tests.swift; sourceTree = "<group>"; };
		ED94FEAF29DC250500FD0571 /* TP1UITests.xctest */ = {isa = PBXFileReference; explicitFileType = wrapper.cfbundle; includeInIndex = 0; path = TP1UITests.xctest; sourceTree = BUILT_PRODUCTS_DIR; };
		ED94FEB329DC250500FD0571 /* TP1UITests.swift */ = {isa = PBXFileReference; lastKnownFileType = sourcecode.swift; path = TP1UITests.swift; sourceTree = "<group>"; };
		ED94FEB529DC250500FD0571 /* TP1UITestsLaunchTests.swift */ = {isa = PBXFileReference; lastKnownFileType = sourcecode.swift; path = TP1UITestsLaunchTests.swift; sourceTree = "<group>"; };
		EDD48AAD29ED21CD00280F23 /* Film.swift */ = {isa = PBXFileReference; lastKnownFileType = sourcecode.swift; path = Film.swift; sourceTree = "<group>"; };
/* End PBXFileReference section */

/* Begin PBXFrameworksBuildPhase section */
		ED94FE9229DC250300FD0571 /* Frameworks */ = {
			isa = PBXFrameworksBuildPhase;
			buildActionMask = 2147483647;
			files = (
			);
			runOnlyForDeploymentPostprocessing = 0;
		};
		ED94FEA229DC250500FD0571 /* Frameworks */ = {
			isa = PBXFrameworksBuildPhase;
			buildActionMask = 2147483647;
			files = (
			);
			runOnlyForDeploymentPostprocessing = 0;
		};
		ED94FEAC29DC250500FD0571 /* Frameworks */ = {
			isa = PBXFrameworksBuildPhase;
			buildActionMask = 2147483647;
			files = (
			);
			runOnlyForDeploymentPostprocessing = 0;
		};
/* End PBXFrameworksBuildPhase section */

/* Begin PBXGroup section */
		ED94FE8C29DC250300FD0571 = {
			isa = PBXGroup;
			children = (
				ED94FE9729DC250300FD0571 /* TP1 */,
				ED94FEA829DC250500FD0571 /* TP1Tests */,
				ED94FEB229DC250500FD0571 /* TP1UITests */,
				ED94FE9629DC250300FD0571 /* Products */,
			);
			sourceTree = "<group>";
		};
		ED94FE9629DC250300FD0571 /* Products */ = {
			isa = PBXGroup;
			children = (
				ED94FE9529DC250300FD0571 /* TP1.app */,
				ED94FEA529DC250500FD0571 /* TP1Tests.xctest */,
				ED94FEAF29DC250500FD0571 /* TP1UITests.xctest */,
			);
			name = Products;
			sourceTree = "<group>";
		};
		ED94FE9729DC250300FD0571 /* TP1 */ = {
			isa = PBXGroup;
			children = (
				ED94FE9829DC250300FD0571 /* TP1App.swift */,
				ED94FE9A29DC250300FD0571 /* ContentView.swift */,
				ED94FE9C29DC250400FD0571 /* Assets.xcassets */,
				ED94FE9E29DC250400FD0571 /* Preview Content */,
				EDD48AAD29ED21CD00280F23 /* Film.swift */,
				ED5720022A1BB16B003EEB08 /* FilmListView.swift */,
				ED649E552A1CA0B200A3F607 /* ShortFilm.swift */,
				ED649E572A1CA26600A3F607 /* ShortFilmData.swift */,
				ED4792C32A1CDBA9004849FC /* FilmMenuGenre.swift */,
				ED4792C52A1CDDE0004849FC /* FilmGenre.swift */,
				ED4792C72A1CDE14004849FC /* FilmGenreData.swift */,
				ED4792C92A1CE219004849FC /* FilmListByGenre.swift */,
			);
			path = TP1;
			sourceTree = "<group>";
		};
		ED94FE9E29DC250400FD0571 /* Preview Content */ = {
			isa = PBXGroup;
			children = (
				ED94FE9F29DC250400FD0571 /* Preview Assets.xcassets */,
			);
			path = "Preview Content";
			sourceTree = "<group>";
		};
		ED94FEA829DC250500FD0571 /* TP1Tests */ = {
			isa = PBXGroup;
			children = (
				ED94FEA929DC250500FD0571 /* TP1Tests.swift */,
			);
			path = TP1Tests;
			sourceTree = "<group>";
		};
		ED94FEB229DC250500FD0571 /* TP1UITests */ = {
			isa = PBXGroup;
			children = (
				ED94FEB329DC250500FD0571 /* TP1UITests.swift */,
				ED94FEB529DC250500FD0571 /* TP1UITestsLaunchTests.swift */,
			);
			path = TP1UITests;
			sourceTree = "<group>";
		};
/* End PBXGroup section */

/* Begin PBXNativeTarget section */
		ED94FE9429DC250300FD0571 /* TP1 */ = {
			isa = PBXNativeTarget;
			buildConfigurationList = ED94FEB929DC250500FD0571 /* Build configuration list for PBXNativeTarget "TP1" */;
			buildPhases = (
				ED94FE9129DC250300FD0571 /* Sources */,
				ED94FE9229DC250300FD0571 /* Frameworks */,
				ED94FE9329DC250300FD0571 /* Resources */,
			);
			buildRules = (
			);
			dependencies = (
			);
			name = TP1;
			productName = TP1;
			productReference = ED94FE9529DC250300FD0571 /* TP1.app */;
			productType = "com.apple.product-type.application";
		};
		ED94FEA429DC250500FD0571 /* TP1Tests */ = {
			isa = PBXNativeTarget;
			buildConfigurationList = ED94FEBC29DC250500FD0571 /* Build configuration list for PBXNativeTarget "TP1Tests" */;
			buildPhases = (
				ED94FEA129DC250500FD0571 /* Sources */,
				ED94FEA229DC250500FD0571 /* Frameworks */,
				ED94FEA329DC250500FD0571 /* Resources */,
			);
			buildRules = (
			);
			dependencies = (
				ED94FEA729DC250500FD0571 /* PBXTargetDependency */,
			);
			name = TP1Tests;
			productName = TP1Tests;
			productReference = ED94FEA529DC250500FD0571 /* TP1Tests.xctest */;
			productType = "com.apple.product-type.bundle.unit-test";
		};
		ED94FEAE29DC250500FD0571 /* TP1UITests */ = {
			isa = PBXNativeTarget;
			buildConfigurationList = ED94FEBF29DC250500FD0571 /* Build configuration list for PBXNativeTarget "TP1UITests" */;
			buildPhases = (
				ED94FEAB29DC250500FD0571 /* Sources */,
				ED94FEAC29DC250500FD0571 /* Frameworks */,
				ED94FEAD29DC250500FD0571 /* Resources */,
			);
			buildRules = (
			);
			dependencies = (
				ED94FEB129DC250500FD0571 /* PBXTargetDependency */,
			);
			name = TP1UITests;
			productName = TP1UITests;
			productReference = ED94FEAF29DC250500FD0571 /* TP1UITests.xctest */;
			productType = "com.apple.product-type.bundle.ui-testing";
		};
/* End PBXNativeTarget section */

/* Begin PBXProject section */
		ED94FE8D29DC250300FD0571 /* Project object */ = {
			isa = PBXProject;
			attributes = {
				BuildIndependentTargetsInParallel = 1;
				LastSwiftUpdateCheck = 1420;
				LastUpgradeCheck = 1420;
				TargetAttributes = {
					ED94FE9429DC250300FD0571 = {
						CreatedOnToolsVersion = 14.2;
					};
					ED94FEA429DC250500FD0571 = {
						CreatedOnToolsVersion = 14.2;
						TestTargetID = ED94FE9429DC250300FD0571;
					};
					ED94FEAE29DC250500FD0571 = {
						CreatedOnToolsVersion = 14.2;
						TestTargetID = ED94FE9429DC250300FD0571;
					};
				};
			};
			buildConfigurationList = ED94FE9029DC250300FD0571 /* Build configuration list for PBXProject "TP1" */;
			compatibilityVersion = "Xcode 14.0";
			developmentRegion = en;
			hasScannedForEncodings = 0;
			knownRegions = (
				en,
				Base,
			);
			mainGroup = ED94FE8C29DC250300FD0571;
			productRefGroup = ED94FE9629DC250300FD0571 /* Products */;
			projectDirPath = "";
			projectRoot = "";
			targets = (
				ED94FE9429DC250300FD0571 /* TP1 */,
				ED94FEA429DC250500FD0571 /* TP1Tests */,
				ED94FEAE29DC250500FD0571 /* TP1UITests */,
			);
		};
/* End PBXProject section */

/* Begin PBXResourcesBuildPhase section */
		ED94FE9329DC250300FD0571 /* Resources */ = {
			isa = PBXResourcesBuildPhase;
			buildActionMask = 2147483647;
			files = (
				ED94FEA029DC250400FD0571 /* Preview Assets.xcassets in Resources */,
				ED94FE9D29DC250400FD0571 /* Assets.xcassets in Resources */,
			);
			runOnlyForDeploymentPostprocessing = 0;
		};
		ED94FEA329DC250500FD0571 /* Resources */ = {
			isa = PBXResourcesBuildPhase;
			buildActionMask = 2147483647;
			files = (
			);
			runOnlyForDeploymentPostprocessing = 0;
		};
		ED94FEAD29DC250500FD0571 /* Resources */ = {
			isa = PBXResourcesBuildPhase;
			buildActionMask = 2147483647;
			files = (
			);
			runOnlyForDeploymentPostprocessing = 0;
		};
/* End PBXResourcesBuildPhase section */

/* Begin PBXSourcesBuildPhase section */
		ED94FE9129DC250300FD0571 /* Sources */ = {
			isa = PBXSourcesBuildPhase;
			buildActionMask = 2147483647;
			files = (
				ED5720032A1BB16B003EEB08 /* FilmListView.swift in Sources */,
				ED94FE9B29DC250300FD0571 /* ContentView.swift in Sources */,
				EDD48AAE29ED21CD00280F23 /* Film.swift in Sources */,
				ED4792C62A1CDDE0004849FC /* FilmGenre.swift in Sources */,
				ED649E562A1CA0B200A3F607 /* ShortFilm.swift in Sources */,
				ED649E582A1CA26600A3F607 /* ShortFilmData.swift in Sources */,
				ED94FE9929DC250300FD0571 /* TP1App.swift in Sources */,
				ED4792C82A1CDE14004849FC /* FilmGenreData.swift in Sources */,
				ED4792CA2A1CE219004849FC /* FilmListByGenre.swift in Sources */,
				ED4792C42A1CDBA9004849FC /* FilmMenuGenre.swift in Sources */,
			);
			runOnlyForDeploymentPostprocessing = 0;
		};
		ED94FEA129DC250500FD0571 /* Sources */ = {
			isa = PBXSourcesBuildPhase;
			buildActionMask = 2147483647;
			files = (
				ED94FEAA29DC250500FD0571 /* TP1Tests.swift in Sources */,
			);
			runOnlyForDeploymentPostprocessing = 0;
		};
		ED94FEAB29DC250500FD0571 /* Sources */ = {
			isa = PBXSourcesBuildPhase;
			buildActionMask = 2147483647;
			files = (
				ED94FEB629DC250500FD0571 /* TP1UITestsLaunchTests.swift in Sources */,
				ED94FEB429DC250500FD0571 /* TP1UITests.swift in Sources */,
			);
			runOnlyForDeploymentPostprocessing = 0;
		};
/* End PBXSourcesBuildPhase section */

/* Begin PBXTargetDependency section */
		ED94FEA729DC250500FD0571 /* PBXTargetDependency */ = {
			isa = PBXTargetDependency;
			target = ED94FE9429DC250300FD0571 /* TP1 */;
			targetProxy = ED94FEA629DC250500FD0571 /* PBXContainerItemProxy */;
		};
		ED94FEB129DC250500FD0571 /* PBXTargetDependency */ = {
			isa = PBXTargetDependency;
			target = ED94FE9429DC250300FD0571 /* TP1 */;
			targetProxy = ED94FEB029DC250500FD0571 /* PBXContainerItemProxy */;
		};
/* End PBXTargetDependency section */

/* Begin XCBuildConfiguration section */
		ED94FEB729DC250500FD0571 /* Debug */ = {
			isa = XCBuildConfiguration;
			buildSettings = {
				ALWAYS_SEARCH_USER_PATHS = NO;
				CLANG_ANALYZER_NONNULL = YES;
				CLANG_ANALYZER_NUMBER_OBJECT_CONVERSION = YES_AGGRESSIVE;
				CLANG_CXX_LANGUAGE_STANDARD = "gnu++20";
				CLANG_ENABLE_MODULES = YES;
				CLANG_ENABLE_OBJC_ARC = YES;
				CLANG_ENABLE_OBJC_WEAK = YES;
				CLANG_WARN_BLOCK_CAPTURE_AUTORELEASING = YES;
				CLANG_WARN_BOOL_CONVERSION = YES;
				CLANG_WARN_COMMA = YES;
				CLANG_WARN_CONSTANT_CONVERSION = YES;
				CLANG_WARN_DEPRECATED_OBJC_IMPLEMENTATIONS = YES;
				CLANG_WARN_DIRECT_OBJC_ISA_USAGE = YES_ERROR;
				CLANG_WARN_DOCUMENTATION_COMMENTS = YES;
				CLANG_WARN_EMPTY_BODY = YES;
				CLANG_WARN_ENUM_CONVERSION = YES;
				CLANG_WARN_INFINITE_RECURSION = YES;
				CLANG_WARN_INT_CONVERSION = YES;
				CLANG_WARN_NON_LITERAL_NULL_CONVERSION = YES;
				CLANG_WARN_OBJC_IMPLICIT_RETAIN_SELF = YES;
				CLANG_WARN_OBJC_LITERAL_CONVERSION = YES;
				CLANG_WARN_OBJC_ROOT_CLASS = YES_ERROR;
				CLANG_WARN_QUOTED_INCLUDE_IN_FRAMEWORK_HEADER = YES;
				CLANG_WARN_RANGE_LOOP_ANALYSIS = YES;
				CLANG_WARN_STRICT_PROTOTYPES = YES;
				CLANG_WARN_SUSPICIOUS_MOVE = YES;
				CLANG_WARN_UNGUARDED_AVAILABILITY = YES_AGGRESSIVE;
				CLANG_WARN_UNREACHABLE_CODE = YES;
				CLANG_WARN__DUPLICATE_METHOD_MATCH = YES;
				COPY_PHASE_STRIP = NO;
				DEBUG_INFORMATION_FORMAT = dwarf;
				ENABLE_STRICT_OBJC_MSGSEND = YES;
				ENABLE_TESTABILITY = YES;
				GCC_C_LANGUAGE_STANDARD = gnu11;
				GCC_DYNAMIC_NO_PIC = NO;
				GCC_NO_COMMON_BLOCKS = YES;
				GCC_OPTIMIZATION_LEVEL = 0;
				GCC_PREPROCESSOR_DEFINITIONS = (
					"DEBUG=1",
					"$(inherited)",
				);
				GCC_WARN_64_TO_32_BIT_CONVERSION = YES;
				GCC_WARN_ABOUT_RETURN_TYPE = YES_ERROR;
				GCC_WARN_UNDECLARED_SELECTOR = YES;
				GCC_WARN_UNINITIALIZED_AUTOS = YES_AGGRESSIVE;
				GCC_WARN_UNUSED_FUNCTION = YES;
				GCC_WARN_UNUSED_VARIABLE = YES;
				IPHONEOS_DEPLOYMENT_TARGET = 16.2;
				MTL_ENABLE_DEBUG_INFO = INCLUDE_SOURCE;
				MTL_FAST_MATH = YES;
				ONLY_ACTIVE_ARCH = YES;
				SDKROOT = iphoneos;
				SWIFT_ACTIVE_COMPILATION_CONDITIONS = DEBUG;
				SWIFT_OPTIMIZATION_LEVEL = "-Onone";
			};
			name = Debug;
		};
		ED94FEB829DC250500FD0571 /* Release */ = {
			isa = XCBuildConfiguration;
			buildSettings = {
				ALWAYS_SEARCH_USER_PATHS = NO;
				CLANG_ANALYZER_NONNULL = YES;
				CLANG_ANALYZER_NUMBER_OBJECT_CONVERSION = YES_AGGRESSIVE;
				CLANG_CXX_LANGUAGE_STANDARD = "gnu++20";
				CLANG_ENABLE_MODULES = YES;
				CLANG_ENABLE_OBJC_ARC = YES;
				CLANG_ENABLE_OBJC_WEAK = YES;
				CLANG_WARN_BLOCK_CAPTURE_AUTORELEASING = YES;
				CLANG_WARN_BOOL_CONVERSION = YES;
				CLANG_WARN_COMMA = YES;
				CLANG_WARN_CONSTANT_CONVERSION = YES;
				CLANG_WARN_DEPRECATED_OBJC_IMPLEMENTATIONS = YES;
				CLANG_WARN_DIRECT_OBJC_ISA_USAGE = YES_ERROR;
				CLANG_WARN_DOCUMENTATION_COMMENTS = YES;
				CLANG_WARN_EMPTY_BODY = YES;
				CLANG_WARN_ENUM_CONVERSION = YES;
				CLANG_WARN_INFINITE_RECURSION = YES;
				CLANG_WARN_INT_CONVERSION = YES;
				CLANG_WARN_NON_LITERAL_NULL_CONVERSION = YES;
				CLANG_WARN_OBJC_IMPLICIT_RETAIN_SELF = YES;
				CLANG_WARN_OBJC_LITERAL_CONVERSION = YES;
				CLANG_WARN_OBJC_ROOT_CLASS = YES_ERROR;
				CLANG_WARN_QUOTED_INCLUDE_IN_FRAMEWORK_HEADER = YES;
				CLANG_WARN_RANGE_LOOP_ANALYSIS = YES;
				CLANG_WARN_STRICT_PROTOTYPES = YES;
				CLANG_WARN_SUSPICIOUS_MOVE = YES;
				CLANG_WARN_UNGUARDED_AVAILABILITY = YES_AGGRESSIVE;
				CLANG_WARN_UNREACHABLE_CODE = YES;
				CLANG_WARN__DUPLICATE_METHOD_MATCH = YES;
				COPY_PHASE_STRIP = NO;
				DEBUG_INFORMATION_FORMAT = "dwarf-with-dsym";
				ENABLE_NS_ASSERTIONS = NO;
				ENABLE_STRICT_OBJC_MSGSEND = YES;
				GCC_C_LANGUAGE_STANDARD = gnu11;
				GCC_NO_COMMON_BLOCKS = YES;
				GCC_WARN_64_TO_32_BIT_CONVERSION = YES;
				GCC_WARN_ABOUT_RETURN_TYPE = YES_ERROR;
				GCC_WARN_UNDECLARED_SELECTOR = YES;
				GCC_WARN_UNINITIALIZED_AUTOS = YES_AGGRESSIVE;
				GCC_WARN_UNUSED_FUNCTION = YES;
				GCC_WARN_UNUSED_VARIABLE = YES;
				IPHONEOS_DEPLOYMENT_TARGET = 16.2;
				MTL_ENABLE_DEBUG_INFO = NO;
				MTL_FAST_MATH = YES;
				SDKROOT = iphoneos;
				SWIFT_COMPILATION_MODE = wholemodule;
				SWIFT_OPTIMIZATION_LEVEL = "-O";
				VALIDATE_PRODUCT = YES;
			};
			name = Release;
		};
		ED94FEBA29DC250500FD0571 /* Debug */ = {
			isa = XCBuildConfiguration;
			buildSettings = {
				ASSETCATALOG_COMPILER_APPICON_NAME = AppIcon;
				ASSETCATALOG_COMPILER_GLOBAL_ACCENT_COLOR_NAME = AccentColor;
				CODE_SIGN_STYLE = Automatic;
				CURRENT_PROJECT_VERSION = 1;
				DEVELOPMENT_ASSET_PATHS = "\"TP1/Preview Content\"";
				ENABLE_PREVIEWS = YES;
				GENERATE_INFOPLIST_FILE = YES;
				INFOPLIST_KEY_UIApplicationSceneManifest_Generation = YES;
				INFOPLIST_KEY_UIApplicationSupportsIndirectInputEvents = YES;
				INFOPLIST_KEY_UILaunchScreen_Generation = YES;
				INFOPLIST_KEY_UISupportedInterfaceOrientations_iPad = "UIInterfaceOrientationPortrait UIInterfaceOrientationPortraitUpsideDown UIInterfaceOrientationLandscapeLeft UIInterfaceOrientationLandscapeRight";
				INFOPLIST_KEY_UISupportedInterfaceOrientations_iPhone = "UIInterfaceOrientationPortrait UIInterfaceOrientationLandscapeLeft UIInterfaceOrientationLandscapeRight";
				LD_RUNPATH_SEARCH_PATHS = (
					"$(inherited)",
					"@executable_path/Frameworks",
				);
				MARKETING_VERSION = 1.0;
				PRODUCT_BUNDLE_IDENTIFIER = batcave.TP1;
				PRODUCT_NAME = "$(TARGET_NAME)";
				SWIFT_EMIT_LOC_STRINGS = YES;
				SWIFT_VERSION = 5.0;
				TARGETED_DEVICE_FAMILY = "1,2";
			};
			name = Debug;
		};
		ED94FEBB29DC250500FD0571 /* Release */ = {
			isa = XCBuildConfiguration;
			buildSettings = {
				ASSETCATALOG_COMPILER_APPICON_NAME = AppIcon;
				ASSETCATALOG_COMPILER_GLOBAL_ACCENT_COLOR_NAME = AccentColor;
				CODE_SIGN_STYLE = Automatic;
				CURRENT_PROJECT_VERSION = 1;
				DEVELOPMENT_ASSET_PATHS = "\"TP1/Preview Content\"";
				ENABLE_PREVIEWS = YES;
				GENERATE_INFOPLIST_FILE = YES;
				INFOPLIST_KEY_UIApplicationSceneManifest_Generation = YES;
				INFOPLIST_KEY_UIApplicationSupportsIndirectInputEvents = YES;
				INFOPLIST_KEY_UILaunchScreen_Generation = YES;
				INFOPLIST_KEY_UISupportedInterfaceOrientations_iPad = "UIInterfaceOrientationPortrait UIInterfaceOrientationPortraitUpsideDown UIInterfaceOrientationLandscapeLeft UIInterfaceOrientationLandscapeRight";
				INFOPLIST_KEY_UISupportedInterfaceOrientations_iPhone = "UIInterfaceOrientationPortrait UIInterfaceOrientationLandscapeLeft UIInterfaceOrientationLandscapeRight";
				LD_RUNPATH_SEARCH_PATHS = (
					"$(inherited)",
					"@executable_path/Frameworks",
				);
				MARKETING_VERSION = 1.0;
				PRODUCT_BUNDLE_IDENTIFIER = batcave.TP1;
				PRODUCT_NAME = "$(TARGET_NAME)";
				SWIFT_EMIT_LOC_STRINGS = YES;
				SWIFT_VERSION = 5.0;
				TARGETED_DEVICE_FAMILY = "1,2";
			};
			name = Release;
		};
		ED94FEBD29DC250500FD0571 /* Debug */ = {
			isa = XCBuildConfiguration;
			buildSettings = {
				ALWAYS_EMBED_SWIFT_STANDARD_LIBRARIES = YES;
				BUNDLE_LOADER = "$(TEST_HOST)";
				CODE_SIGN_STYLE = Automatic;
				CURRENT_PROJECT_VERSION = 1;
				GENERATE_INFOPLIST_FILE = YES;
				IPHONEOS_DEPLOYMENT_TARGET = 16.2;
				MARKETING_VERSION = 1.0;
				PRODUCT_BUNDLE_IDENTIFIER = batcave.TP1Tests;
				PRODUCT_NAME = "$(TARGET_NAME)";
				SWIFT_EMIT_LOC_STRINGS = NO;
				SWIFT_VERSION = 5.0;
				TARGETED_DEVICE_FAMILY = "1,2";
				TEST_HOST = "$(BUILT_PRODUCTS_DIR)/TP1.app/$(BUNDLE_EXECUTABLE_FOLDER_PATH)/TP1";
			};
			name = Debug;
		};
		ED94FEBE29DC250500FD0571 /* Release */ = {
			isa = XCBuildConfiguration;
			buildSettings = {
				ALWAYS_EMBED_SWIFT_STANDARD_LIBRARIES = YES;
				BUNDLE_LOADER = "$(TEST_HOST)";
				CODE_SIGN_STYLE = Automatic;
				CURRENT_PROJECT_VERSION = 1;
				GENERATE_INFOPLIST_FILE = YES;
				IPHONEOS_DEPLOYMENT_TARGET = 16.2;
				MARKETING_VERSION = 1.0;
				PRODUCT_BUNDLE_IDENTIFIER = batcave.TP1Tests;
				PRODUCT_NAME = "$(TARGET_NAME)";
				SWIFT_EMIT_LOC_STRINGS = NO;
				SWIFT_VERSION = 5.0;
				TARGETED_DEVICE_FAMILY = "1,2";
				TEST_HOST = "$(BUILT_PRODUCTS_DIR)/TP1.app/$(BUNDLE_EXECUTABLE_FOLDER_PATH)/TP1";
			};
			name = Release;
		};
		ED94FEC029DC250500FD0571 /* Debug */ = {
			isa = XCBuildConfiguration;
			buildSettings = {
				ALWAYS_EMBED_SWIFT_STANDARD_LIBRARIES = YES;
				CODE_SIGN_STYLE = Automatic;
				CURRENT_PROJECT_VERSION = 1;
				GENERATE_INFOPLIST_FILE = YES;
				MARKETING_VERSION = 1.0;
				PRODUCT_BUNDLE_IDENTIFIER = batcave.TP1UITests;
				PRODUCT_NAME = "$(TARGET_NAME)";
				SWIFT_EMIT_LOC_STRINGS = NO;
				SWIFT_VERSION = 5.0;
				TARGETED_DEVICE_FAMILY = "1,2";
				TEST_TARGET_NAME = TP1;
			};
			name = Debug;
		};
		ED94FEC129DC250500FD0571 /* Release */ = {
			isa = XCBuildConfiguration;
			buildSettings = {
				ALWAYS_EMBED_SWIFT_STANDARD_LIBRARIES = YES;
				CODE_SIGN_STYLE = Automatic;
				CURRENT_PROJECT_VERSION = 1;
				GENERATE_INFOPLIST_FILE = YES;
				MARKETING_VERSION = 1.0;
				PRODUCT_BUNDLE_IDENTIFIER = batcave.TP1UITests;
				PRODUCT_NAME = "$(TARGET_NAME)";
				SWIFT_EMIT_LOC_STRINGS = NO;
				SWIFT_VERSION = 5.0;
				TARGETED_DEVICE_FAMILY = "1,2";
				TEST_TARGET_NAME = TP1;
			};
			name = Release;
		};
/* End XCBuildConfiguration section */

/* Begin XCConfigurationList section */
		ED94FE9029DC250300FD0571 /* Build configuration list for PBXProject "TP1" */ = {
			isa = XCConfigurationList;
			buildConfigurations = (
				ED94FEB729DC250500FD0571 /* Debug */,
				ED94FEB829DC250500FD0571 /* Release */,
			);
			defaultConfigurationIsVisible = 0;
			defaultConfigurationName = Release;
		};
		ED94FEB929DC250500FD0571 /* Build configuration list for PBXNativeTarget "TP1" */ = {
			isa = XCConfigurationList;
			buildConfigurations = (
				ED94FEBA29DC250500FD0571 /* Debug */,
				ED94FEBB29DC250500FD0571 /* Release */,
			);
			defaultConfigurationIsVisible = 0;
			defaultConfigurationName = Release;
		};
		ED94FEBC29DC250500FD0571 /* Build configuration list for PBXNativeTarget "TP1Tests" */ = {
			isa = XCConfigurationList;
			buildConfigurations = (
				ED94FEBD29DC250500FD0571 /* Debug */,
				ED94FEBE29DC250500FD0571 /* Release */,
			);
			defaultConfigurationIsVisible = 0;
			defaultConfigurationName = Release;
		};
		ED94FEBF29DC250500FD0571 /* Build configuration list for PBXNativeTarget "TP1UITests" */ = {
			isa = XCConfigurationList;
			buildConfigurations = (
				ED94FEC029DC250500FD0571 /* Debug */,
				ED94FEC129DC250500FD0571 /* Release */,
			);
			defaultConfigurationIsVisible = 0;
			defaultConfigurationName = Release;
		};
/* End XCConfigurationList section */
	};
	rootObject = ED94FE8D29DC250300FD0571 /* Project object */;
}
